<Solution>
  <Folder Name="/Services/" />
  <Folder Name="/Services/Bookings/">
    <Project Path="Ya.Bookings.Api/Ya.Bookings.Api.csproj" Id="23d1c3ab-c87c-40cc-a28c-8d327fe3739a" />
    <Project Path="Ya.Bookings.Application/Ya.Bookings.Application.csproj" Id="956b4f32-2b29-4d7e-aa84-90da6a93b100" />
    <Project Path="Ya.Bookings.Domain/Ya.Bookings.Domain.csproj" Id="0d704497-caf6-4cf7-be26-e87c99937a44" />
    <Project Path="Ya.Bookings.Infrastructure/Ya.Bookings.Infrastructure.csproj" Id="ca5cb64c-3272-4d73-a875-f8081136605f" />
  </Folder>
  <Folder Name="/Services/Events/">
    <Project Path="Ya.Events.Api/Ya.Events.Api.csproj" Id="f316b838-8b03-44b8-a0d6-8bc3740d6041" />
    <Project Path="Ya.Events.Application/Ya.Events.Application.csproj" Id="3fcb2d49-0b07-42e5-88b1-12f4056245f7" />
    <Project Path="Ya.Events.Domain/Ya.Events.Domain.csproj" Id="cef79d17-5b6c-478a-8f5d-dad18630ca49" />
    <Project Path="Ya.Events.Infrastructure/Ya.Events.Infrastructure.csproj" Id="698ab7f0-1496-48d9-9090-865e4832bf4a" />
  </Folder>
  <Folder Name="/Services/Users/">
    <Project Path="Ya.Users.Api/Ya.Users.Api.csproj" Id="0b1c90c0-b949-4e37-90bd-0eaed276100d" />
    <Project Path="Ya.Users.Application/Ya.Users.Application.csproj" Id="72c5a470-1a77-487c-bf54-0e86bedc549c" />
    <Project Path="Ya.Users.Domain/Ya.Users.Domain.csproj" Id="8a335b0e-d518-4cad-86ae-ad6f5fc59a19" />
    <Project Path="Ya.Users.Infrastructure/Ya.Users.Infrastructure.csproj" Id="34b898fa-15e0-40a6-b61a-5f9c09b5f436" />
  </Folder>
  <Folder Name="/Shared/" />
  <Project Path="Ya.Events.WebApi.E2ETests/Ya.Events.WebApi.E2ETests.csproj" Id="c1fd4459-f708-44d0-aa79-d84928572d01" />
  <Project Path="Ya.Events.WebApi.IntegrationTests/Ya.Events.WebApi.IntegrationTests.csproj" Id="bae72fc6-f7c0-4079-88b5-325b5618b7ce" />
  <Project Path="Ya.Events.WebApi.Tests/Ya.Events.WebApi.Tests.csproj" Id="26c1b9c4-cfd1-4ca3-aa2e-4aab2fdb3da4" />
</Solution>
